// !$*UTF8*$!
{
	archiveVersion = 1;
	classes = {
	};
	objectVersion = 56;
	objects = {

/* Begin PBXBuildFile section */
		53B7A93F290913A600EBFBBF /* AppDelegate.swift in Sources */ = {isa = PBXBuildFile; fileRef = 53B7A93E290913A600EBFBBF /* AppDelegate.swift */; };
		53B7A941290913A600EBFBBF /* SceneDelegate.swift in Sources */ = {isa = PBXBuildFile; fileRef = 53B7A940290913A600EBFBBF /* SceneDelegate.swift */; };
		53B7A943290913A600EBFBBF /* ViewController.swift in Sources */ = {isa = PBXBuildFile; fileRef = 53B7A942290913A600EBFBBF /* ViewController.swift */; };
		53B7A946290913A600EBFBBF /* Main.storyboard in Resources */ = {isa = PBXBuildFile; fileRef = 53B7A944290913A600EBFBBF /* Main.storyboard */; };
		53B7A949290913A600EBFBBF /* ituneAPIPractice.xcdatamodeld in Sources */ = {isa = PBXBuildFile; fileRef = 53B7A947290913A600EBFBBF /* ituneAPIPractice.xcdatamodeld */; };
		53B7A94B290913A700EBFBBF /* Assets.xcassets in Resources */ = {isa = PBXBuildFile; fileRef = 53B7A94A290913A700EBFBBF /* Assets.xcassets */; };
		53B7A94E290913A700EBFBBF /* LaunchScreen.storyboard in Resources */ = {isa = PBXBuildFile; fileRef = 53B7A94C290913A700EBFBBF /* LaunchScreen.storyboard */; };
		53B7A959290913A800EBFBBF /* ituneAPIPracticeTests.swift in Sources */ = {isa = PBXBuildFile; fileRef = 53B7A958290913A800EBFBBF /* ituneAPIPracticeTests.swift */; };
		53B7A963290913A800EBFBBF /* ituneAPIPracticeUITests.swift in Sources */ = {isa = PBXBuildFile; fileRef = 53B7A962290913A800EBFBBF /* ituneAPIPracticeUITests.swift */; };
		53B7A965290913A800EBFBBF /* ituneAPIPracticeUITestsLaunchTests.swift in Sources */ = {isa = PBXBuildFile; fileRef = 53B7A964290913A800EBFBBF /* ituneAPIPracticeUITestsLaunchTests.swift */; };
/* End PBXBuildFile section */

/* Begin PBXContainerItemProxy section */
		53B7A955290913A800EBFBBF /* PBXContainerItemProxy */ = {
			isa = PBXContainerItemProxy;
			containerPortal = 53B7A933290913A600EBFBBF /* Project object */;
			proxyType = 1;
			remoteGlobalIDString = 53B7A93A290913A600EBFBBF;
			remoteInfo = ituneAPIPractice;
		};
		53B7A95F290913A800EBFBBF /* PBXContainerItemProxy */ = {
			isa = PBXContainerItemProxy;
			containerPortal = 53B7A933290913A600EBFBBF /* Project object */;
			proxyType = 1;
			remoteGlobalIDString = 53B7A93A290913A600EBFBBF;
			remoteInfo = ituneAPIPractice;
		};
/* End PBXContainerItemProxy section */

/* Begin PBXFileReference section */
		53B7A93B290913A600EBFBBF /* ituneAPIPractice.app */ = {isa = PBXFileReference; explicitFileType = wrapper.application; includeInIndex = 0; path = ituneAPIPractice.app; sourceTree = BUILT_PRODUCTS_DIR; };
		53B7A93E290913A600EBFBBF /* AppDelegate.swift */ = {isa = PBXFileReference; lastKnownFileType = sourcecode.swift; path = AppDelegate.swift; sourceTree = "<group>"; };
		53B7A940290913A600EBFBBF /* SceneDelegate.swift */ = {isa = PBXFileReference; lastKnownFileType = sourcecode.swift; path = SceneDelegate.swift; sourceTree = "<group>"; };
		53B7A942290913A600EBFBBF /* ViewController.swift */ = {isa = PBXFileReference; lastKnownFileType = sourcecode.swift; path = ViewController.swift; sourceTree = "<group>"; };
		53B7A945290913A600EBFBBF /* Base */ = {isa = PBXFileReference; lastKnownFileType = file.storyboard; name = Base; path = Base.lproj/Main.storyboard; sourceTree = "<group>"; };
		53B7A948290913A600EBFBBF /* ituneAPIPractice.xcdatamodel */ = {isa = PBXFileReference; lastKnownFileType = wrapper.xcdatamodel; path = ituneAPIPractice.xcdatamodel; sourceTree = "<group>"; };
		53B7A94A290913A700EBFBBF /* Assets.xcassets */ = {isa = PBXFileReference; lastKnownFileType = folder.assetcatalog; path = Assets.xcassets; sourceTree = "<group>"; };
		53B7A94D290913A700EBFBBF /* Base */ = {isa = PBXFileReference; lastKnownFileType = file.storyboard; name = Base; path = Base.lproj/LaunchScreen.storyboard; sourceTree = "<group>"; };
		53B7A94F290913A700EBFBBF /* Info.plist */ = {isa = PBXFileReference; lastKnownFileType = text.plist.xml; path = Info.plist; sourceTree = "<group>"; };
		53B7A954290913A800EBFBBF /* ituneAPIPracticeTests.xctest */ = {isa = PBXFileReference; explicitFileType = wrapper.cfbundle; includeInIndex = 0; path = ituneAPIPracticeTests.xctest; sourceTree = BUILT_PRODUCTS_DIR; };
		53B7A958290913A800EBFBBF /* ituneAPIPracticeTests.swift */ = {isa = PBXFileReference; lastKnownFileType = sourcecode.swift; path = ituneAPIPracticeTests.swift; sourceTree = "<group>"; };
		53B7A95E290913A800EBFBBF /* ituneAPIPracticeUITests.xctest */ = {isa = PBXFileReference; explicitFileType = wrapper.cfbundle; includeInIndex = 0; path = ituneAPIPracticeUITests.xctest; sourceTree = BUILT_PRODUCTS_DIR; };
		53B7A962290913A800EBFBBF /* ituneAPIPracticeUITests.swift */ = {isa = PBXFileReference; lastKnownFileType = sourcecode.swift; path = ituneAPIPracticeUITests.swift; sourceTree = "<group>"; };
		53B7A964290913A800EBFBBF /* ituneAPIPracticeUITestsLaunchTests.swift */ = {isa = PBXFileReference; lastKnownFileType = sourcecode.swift; path = ituneAPIPracticeUITestsLaunchTests.swift; sourceTree = "<group>"; };
/* End PBXFileReference section */

/* Begin PBXFrameworksBuildPhase section */
		53B7A938290913A600EBFBBF /* Frameworks */ = {
			isa = PBXFrameworksBuildPhase;
			buildActionMask = 2147483647;
			files = (
			);
			runOnlyForDeploymentPostprocessing = 0;
		};
		53B7A951290913A800EBFBBF /* Frameworks */ = {
			isa = PBXFrameworksBuildPhase;
			buildActionMask = 2147483647;
			files = (
			);
			runOnlyForDeploymentPostprocessing = 0;
		};
		53B7A95B290913A800EBFBBF /* Frameworks */ = {
			isa = PBXFrameworksBuildPhase;
			buildActionMask = 2147483647;
			files = (
			);
			runOnlyForDeploymentPostprocessing = 0;
		};
/* End PBXFrameworksBuildPhase section */

/* Begin PBXGroup section */
		53B7A932290913A600EBFBBF = {
			isa = PBXGroup;
			children = (
				53B7A93D290913A600EBFBBF /* ituneAPIPractice */,
				53B7A957290913A800EBFBBF /* ituneAPIPracticeTests */,
				53B7A961290913A800EBFBBF /* ituneAPIPracticeUITests */,
				53B7A93C290913A600EBFBBF /* Products */,
			);
			sourceTree = "<group>";
		};
		53B7A93C290913A600EBFBBF /* Products */ = {
			isa = PBXGroup;
			children = (
				53B7A93B290913A600EBFBBF /* ituneAPIPractice.app */,
				53B7A954290913A800EBFBBF /* ituneAPIPracticeTests.xctest */,
				53B7A95E290913A800EBFBBF /* ituneAPIPracticeUITests.xctest */,
			);
			name = Products;
			sourceTree = "<group>";
		};
		53B7A93D290913A600EBFBBF /* ituneAPIPractice */ = {
			isa = PBXGroup;
			children = (
				53B7A93E290913A600EBFBBF /* AppDelegate.swift */,
				53B7A940290913A600EBFBBF /* SceneDelegate.swift */,
				53B7A942290913A600EBFBBF /* ViewController.swift */,
				53B7A944290913A600EBFBBF /* Main.storyboard */,
				53B7A94A290913A700EBFBBF /* Assets.xcassets */,
				53B7A94C290913A700EBFBBF /* LaunchScreen.storyboard */,
				53B7A94F290913A700EBFBBF /* Info.plist */,
				53B7A947290913A600EBFBBF /* ituneAPIPractice.xcdatamodeld */,
			);
			path = ituneAPIPractice;
			sourceTree = "<group>";
		};
		53B7A957290913A800EBFBBF /* ituneAPIPracticeTests */ = {
			isa = PBXGroup;
			children = (
				53B7A958290913A800EBFBBF /* ituneAPIPracticeTests.swift */,
			);
			path = ituneAPIPracticeTests;
			sourceTree = "<group>";
		};
		53B7A961290913A800EBFBBF /* ituneAPIPracticeUITests */ = {
			isa = PBXGroup;
			children = (
				53B7A962290913A800EBFBBF /* ituneAPIPracticeUITests.swift */,
				53B7A964290913A800EBFBBF /* ituneAPIPracticeUITestsLaunchTests.swift */,
			);
			path = ituneAPIPracticeUITests;
			sourceTree = "<group>";
		};
/* End PBXGroup section */

/* Begin PBXNativeTarget section */
		53B7A93A290913A600EBFBBF /* ituneAPIPractice */ = {
			isa = PBXNativeTarget;
			buildConfigurationList = 53B7A968290913A800EBFBBF /* Build configuration list for PBXNativeTarget "ituneAPIPractice" */;
			buildPhases = (
				53B7A937290913A600EBFBBF /* Sources */,
				53B7A938290913A600EBFBBF /* Frameworks */,
				53B7A939290913A600EBFBBF /* Resources */,
			);
			buildRules = (
			);
			dependencies = (
			);
			name = ituneAPIPractice;
			productName = ituneAPIPractice;
			productReference = 53B7A93B290913A600EBFBBF /* ituneAPIPractice.app */;
			productType = "com.apple.product-type.application";
		};
		53B7A953290913A800EBFBBF /* ituneAPIPracticeTests */ = {
			isa = PBXNativeTarget;
			buildConfigurationList = 53B7A96B290913A800EBFBBF /* Build configuration list for PBXNativeTarget "ituneAPIPracticeTests" */;
			buildPhases = (
				53B7A950290913A800EBFBBF /* Sources */,
				53B7A951290913A800EBFBBF /* Frameworks */,
				53B7A952290913A800EBFBBF /* Resources */,
			);
			buildRules = (
			);
			dependencies = (
				53B7A956290913A800EBFBBF /* PBXTargetDependency */,
			);
			name = ituneAPIPracticeTests;
			productName = ituneAPIPracticeTests;
			productReference = 53B7A954290913A800EBFBBF /* ituneAPIPracticeTests.xctest */;
			productType = "com.apple.product-type.bundle.unit-test";
		};
		53B7A95D290913A800EBFBBF /* ituneAPIPracticeUITests */ = {
			isa = PBXNativeTarget;
			buildConfigurationList = 53B7A96E290913A800EBFBBF /* Build configuration list for PBXNativeTarget "ituneAPIPracticeUITests" */;
			buildPhases = (
				53B7A95A290913A800EBFBBF /* Sources */,
				53B7A95B290913A800EBFBBF /* Frameworks */,
				53B7A95C290913A800EBFBBF /* Resources */,
			);
			buildRules = (
			);
			dependencies = (
				53B7A960290913A800EBFBBF /* PBXTargetDependency */,
			);
			name = ituneAPIPracticeUITests;
			productName = ituneAPIPracticeUITests;
			productReference = 53B7A95E290913A800EBFBBF /* ituneAPIPracticeUITests.xctest */;
			productType = "com.apple.product-type.bundle.ui-testing";
		};
/* End PBXNativeTarget section */

/* Begin PBXProject section */
		53B7A933290913A600EBFBBF /* Project object */ = {
			isa = PBXProject;
			attributes = {
				BuildIndependentTargetsInParallel = 1;
				LastSwiftUpdateCheck = 1400;
				LastUpgradeCheck = 1400;
				TargetAttributes = {
					53B7A93A290913A600EBFBBF = {
						CreatedOnToolsVersion = 14.0.1;
					};
					53B7A953290913A800EBFBBF = {
						CreatedOnToolsVersion = 14.0.1;
						TestTargetID = 53B7A93A290913A600EBFBBF;
					};
					53B7A95D290913A800EBFBBF = {
						CreatedOnToolsVersion = 14.0.1;
						TestTargetID = 53B7A93A290913A600EBFBBF;
					};
				};
			};
			buildConfigurationList = 53B7A936290913A600EBFBBF /* Build configuration list for PBXProject "ituneAPIPractice" */;
			compatibilityVersion = "Xcode 14.0";
			developmentRegion = en;
			hasScannedForEncodings = 0;
			knownRegions = (
				en,
				Base,
			);
			mainGroup = 53B7A932290913A600EBFBBF;
			productRefGroup = 53B7A93C290913A600EBFBBF /* Products */;
			projectDirPath = "";
			projectRoot = "";
			targets = (
				53B7A93A290913A600EBFBBF /* ituneAPIPractice */,
				53B7A953290913A800EBFBBF /* ituneAPIPracticeTests */,
				53B7A95D290913A800EBFBBF /* ituneAPIPracticeUITests */,
			);
		};
/* End PBXProject section */

/* Begin PBXResourcesBuildPhase section */
		53B7A939290913A600EBFBBF /* Resources */ = {
			isa = PBXResourcesBuildPhase;
			buildActionMask = 2147483647;
			files = (
				53B7A94E290913A700EBFBBF /* LaunchScreen.storyboard in Resources */,
				53B7A94B290913A700EBFBBF /* Assets.xcassets in Resources */,
				53B7A946290913A600EBFBBF /* Main.storyboard in Resources */,
			);
			runOnlyForDeploymentPostprocessing = 0;
		};
		53B7A952290913A800EBFBBF /* Resources */ = {
			isa = PBXResourcesBuildPhase;
			buildActionMask = 2147483647;
			files = (
			);
			runOnlyForDeploymentPostprocessing = 0;
		};
		53B7A95C290913A800EBFBBF /* Resources */ = {
			isa = PBXResourcesBuildPhase;
			buildActionMask = 2147483647;
			files = (
			);
			runOnlyForDeploymentPostprocessing = 0;
		};
/* End PBXResourcesBuildPhase section */

/* Begin PBXSourcesBuildPhase section */
		53B7A937290913A600EBFBBF /* Sources */ = {
			isa = PBXSourcesBuildPhase;
			buildActionMask = 2147483647;
			files = (
				53B7A943290913A600EBFBBF /* ViewController.swift in Sources */,
				53B7A93F290913A600EBFBBF /* AppDelegate.swift in Sources */,
				53B7A941290913A600EBFBBF /* SceneDelegate.swift in Sources */,
				53B7A949290913A600EBFBBF /* ituneAPIPractice.xcdatamodeld in Sources */,
			);
			runOnlyForDeploymentPostprocessing = 0;
		};
		53B7A950290913A800EBFBBF /* Sources */ = {
			isa = PBXSourcesBuildPhase;
			buildActionMask = 2147483647;
			files = (
				53B7A959290913A800EBFBBF /* ituneAPIPracticeTests.swift in Sources */,
			);
			runOnlyForDeploymentPostprocessing = 0;
		};
		53B7A95A290913A800EBFBBF /* Sources */ = {
			isa = PBXSourcesBuildPhase;
			buildActionMask = 2147483647;
			files = (
				53B7A965290913A800EBFBBF /* ituneAPIPracticeUITestsLaunchTests.swift in Sources */,
				53B7A963290913A800EBFBBF /* ituneAPIPracticeUITests.swift in Sources */,
			);
			runOnlyForDeploymentPostprocessing = 0;
		};
/* End PBXSourcesBuildPhase section */

/* Begin PBXTargetDependency section */
		53B7A956290913A800EBFBBF /* PBXTargetDependency */ = {
			isa = PBXTargetDependency;
			target = 53B7A93A290913A600EBFBBF /* ituneAPIPractice */;
			targetProxy = 53B7A955290913A800EBFBBF /* PBXContainerItemProxy */;
		};
		53B7A960290913A800EBFBBF /* PBXTargetDependency */ = {
			isa = PBXTargetDependency;
			target = 53B7A93A290913A600EBFBBF /* ituneAPIPractice */;
			targetProxy = 53B7A95F290913A800EBFBBF /* PBXContainerItemProxy */;
		};
/* End PBXTargetDependency section */

/* Begin PBXVariantGroup section */
		53B7A944290913A600EBFBBF /* Main.storyboard */ = {
			isa = PBXVariantGroup;
			children = (
				53B7A945290913A600EBFBBF /* Base */,
			);
			name = Main.storyboard;
			sourceTree = "<group>";
		};
		53B7A94C290913A700EBFBBF /* LaunchScreen.storyboard */ = {
			isa = PBXVariantGroup;
			children = (
				53B7A94D290913A700EBFBBF /* Base */,
			);
			name = LaunchScreen.storyboard;
			sourceTree = "<group>";
		};
/* End PBXVariantGroup section */

/* Begin XCBuildConfiguration section */
		53B7A966290913A800EBFBBF /* Debug */ = {
			isa = XCBuildConfiguration;
			buildSettings = {
				ALWAYS_SEARCH_USER_PATHS = NO;
				CLANG_ANALYZER_NONNULL = YES;
				CLANG_ANALYZER_NUMBER_OBJECT_CONVERSION = YES_AGGRESSIVE;
				CLANG_CXX_LANGUAGE_STANDARD = "gnu++20";
				CLANG_ENABLE_MODULES = YES;
				CLANG_ENABLE_OBJC_ARC = YES;
				CLANG_ENABLE_OBJC_WEAK = YES;
				CLANG_WARN_BLOCK_CAPTURE_AUTORELEASING = YES;
				CLANG_WARN_BOOL_CONVERSION = YES;
				CLANG_WARN_COMMA = YES;
				CLANG_WARN_CONSTANT_CONVERSION = YES;
				CLANG_WARN_DEPRECATED_OBJC_IMPLEMENTATIONS = YES;
				CLANG_WARN_DIRECT_OBJC_ISA_USAGE = YES_ERROR;
				CLANG_WARN_DOCUMENTATION_COMMENTS = YES;
				CLANG_WARN_EMPTY_BODY = YES;
				CLANG_WARN_ENUM_CONVERSION = YES;
				CLANG_WARN_INFINITE_RECURSION = YES;
				CLANG_WARN_INT_CONVERSION = YES;
				CLANG_WARN_NON_LITERAL_NULL_CONVERSION = YES;
				CLANG_WARN_OBJC_IMPLICIT_RETAIN_SELF = YES;
				CLANG_WARN_OBJC_LITERAL_CONVERSION = YES;
				CLANG_WARN_OBJC_ROOT_CLASS = YES_ERROR;
				CLANG_WARN_QUOTED_INCLUDE_IN_FRAMEWORK_HEADER = YES;
				CLANG_WARN_RANGE_LOOP_ANALYSIS = YES;
				CLANG_WARN_STRICT_PROTOTYPES = YES;
				CLANG_WARN_SUSPICIOUS_MOVE = YES;
				CLANG_WARN_UNGUARDED_AVAILABILITY = YES_AGGRESSIVE;
				CLANG_WARN_UNREACHABLE_CODE = YES;
				CLANG_WARN__DUPLICATE_METHOD_MATCH = YES;
				COPY_PHASE_STRIP = NO;
				DEBUG_INFORMATION_FORMAT = dwarf;
				ENABLE_STRICT_OBJC_MSGSEND = YES;
				ENABLE_TESTABILITY = YES;
				GCC_C_LANGUAGE_STANDARD = gnu11;
				GCC_DYNAMIC_NO_PIC = NO;
				GCC_NO_COMMON_BLOCKS = YES;
				GCC_OPTIMIZATION_LEVEL = 0;
				GCC_PREPROCESSOR_DEFINITIONS = (
					"DEBUG=1",
					"$(inherited)",
				);
				GCC_WARN_64_TO_32_BIT_CONVERSION = YES;
				GCC_WARN_ABOUT_RETURN_TYPE = YES_ERROR;
				GCC_WARN_UNDECLARED_SELECTOR = YES;
				GCC_WARN_UNINITIALIZED_AUTOS = YES_AGGRESSIVE;
				GCC_WARN_UNUSED_FUNCTION = YES;
				GCC_WARN_UNUSED_VARIABLE = YES;
				IPHONEOS_DEPLOYMENT_TARGET = 16.0;
				MTL_ENABLE_DEBUG_INFO = INCLUDE_SOURCE;
				MTL_FAST_MATH = YES;
				ONLY_ACTIVE_ARCH = YES;
				SDKROOT = iphoneos;
				SWIFT_ACTIVE_COMPILATION_CONDITIONS = DEBUG;
				SWIFT_OPTIMIZATION_LEVEL = "-Onone";
			};
			name = Debug;
		};
		53B7A967290913A800EBFBBF /* Release */ = {
			isa = XCBuildConfiguration;
			buildSettings = {
				ALWAYS_SEARCH_USER_PATHS = NO;
				CLANG_ANALYZER_NONNULL = YES;
				CLANG_ANALYZER_NUMBER_OBJECT_CONVERSION = YES_AGGRESSIVE;
				CLANG_CXX_LANGUAGE_STANDARD = "gnu++20";
				CLANG_ENABLE_MODULES = YES;
				CLANG_ENABLE_OBJC_ARC = YES;
				CLANG_ENABLE_OBJC_WEAK = YES;
				CLANG_WARN_BLOCK_CAPTURE_AUTORELEASING = YES;
				CLANG_WARN_BOOL_CONVERSION = YES;
				CLANG_WARN_COMMA = YES;
				CLANG_WARN_CONSTANT_CONVERSION = YES;
				CLANG_WARN_DEPRECATED_OBJC_IMPLEMENTATIONS = YES;
				CLANG_WARN_DIRECT_OBJC_ISA_USAGE = YES_ERROR;
				CLANG_WARN_DOCUMENTATION_COMMENTS = YES;
				CLANG_WARN_EMPTY_BODY = YES;
				CLANG_WARN_ENUM_CONVERSION = YES;
				CLANG_WARN_INFINITE_RECURSION = YES;
				CLANG_WARN_INT_CONVERSION = YES;
				CLANG_WARN_NON_LITERAL_NULL_CONVERSION = YES;
				CLANG_WARN_OBJC_IMPLICIT_RETAIN_SELF = YES;
				CLANG_WARN_OBJC_LITERAL_CONVERSION = YES;
				CLANG_WARN_OBJC_ROOT_CLASS = YES_ERROR;
				CLANG_WARN_QUOTED_INCLUDE_IN_FRAMEWORK_HEADER = YES;
				CLANG_WARN_RANGE_LOOP_ANALYSIS = YES;
				CLANG_WARN_STRICT_PROTOTYPES = YES;
				CLANG_WARN_SUSPICIOUS_MOVE = YES;
				CLANG_WARN_UNGUARDED_AVAILABILITY = YES_AGGRESSIVE;
				CLANG_WARN_UNREACHABLE_CODE = YES;
				CLANG_WARN__DUPLICATE_METHOD_MATCH = YES;
				COPY_PHASE_STRIP = NO;
				DEBUG_INFORMATION_FORMAT = "dwarf-with-dsym";
				ENABLE_NS_ASSERTIONS = NO;
				ENABLE_STRICT_OBJC_MSGSEND = YES;
				GCC_C_LANGUAGE_STANDARD = gnu11;
				GCC_NO_COMMON_BLOCKS = YES;
				GCC_WARN_64_TO_32_BIT_CONVERSION = YES;
				GCC_WARN_ABOUT_RETURN_TYPE = YES_ERROR;
				GCC_WARN_UNDECLARED_SELECTOR = YES;
				GCC_WARN_UNINITIALIZED_AUTOS = YES_AGGRESSIVE;
				GCC_WARN_UNUSED_FUNCTION = YES;
				GCC_WARN_UNUSED_VARIABLE = YES;
				IPHONEOS_DEPLOYMENT_TARGET = 16.0;
				MTL_ENABLE_DEBUG_INFO = NO;
				MTL_FAST_MATH = YES;
				SDKROOT = iphoneos;
				SWIFT_COMPILATION_MODE = wholemodule;
				SWIFT_OPTIMIZATION_LEVEL = "-O";
				VALIDATE_PRODUCT = YES;
			};
			name = Release;
		};
		53B7A969290913A800EBFBBF /* Debug */ = {
			isa = XCBuildConfiguration;
			buildSettings = {
				ASSETCATALOG_COMPILER_APPICON_NAME = AppIcon;
				ASSETCATALOG_COMPILER_GLOBAL_ACCENT_COLOR_NAME = AccentColor;
				CODE_SIGN_STYLE = Automatic;
				CURRENT_PROJECT_VERSION = 1;
				DEVELOPMENT_TEAM = K933FH7LZN;
				GENERATE_INFOPLIST_FILE = YES;
				INFOPLIST_FILE = ituneAPIPractice/Info.plist;
				INFOPLIST_KEY_UIApplicationSupportsIndirectInputEvents = YES;
				INFOPLIST_KEY_UILaunchStoryboardName = LaunchScreen;
				INFOPLIST_KEY_UIMainStoryboardFile = Main;
				INFOPLIST_KEY_UISupportedInterfaceOrientations_iPad = "UIInterfaceOrientationPortrait UIInterfaceOrientationPortraitUpsideDown UIInterfaceOrientationLandscapeLeft UIInterfaceOrientationLandscapeRight";
				INFOPLIST_KEY_UISupportedInterfaceOrientations_iPhone = "UIInterfaceOrientationPortrait UIInterfaceOrientationLandscapeLeft UIInterfaceOrientationLandscapeRight";
				LD_RUNPATH_SEARCH_PATHS = (
					"$(inherited)",
					"@executable_path/Frameworks",
				);
				MARKETING_VERSION = 1.0;
				PRODUCT_BUNDLE_IDENTIFIER = lyc7485.ituneAPIPractice;
				PRODUCT_NAME = "$(TARGET_NAME)";
				SWIFT_EMIT_LOC_STRINGS = YES;
				SWIFT_VERSION = 5.0;
				TARGETED_DEVICE_FAMILY = "1,2";
			};
			name = Debug;
		};
		53B7A96A290913A800EBFBBF /* Release */ = {
			isa = XCBuildConfiguration;
			buildSettings = {
				ASSETCATALOG_COMPILER_APPICON_NAME = AppIcon;
				ASSETCATALOG_COMPILER_GLOBAL_ACCENT_COLOR_NAME = AccentColor;
				CODE_SIGN_STYLE = Automatic;
				CURRENT_PROJECT_VERSION = 1;
				DEVELOPMENT_TEAM = K933FH7LZN;
				GENERATE_INFOPLIST_FILE = YES;
				INFOPLIST_FILE = ituneAPIPractice/Info.plist;
				INFOPLIST_KEY_UIApplicationSupportsIndirectInputEvents = YES;
				INFOPLIST_KEY_UILaunchStoryboardName = LaunchScreen;
				INFOPLIST_KEY_UIMainStoryboardFile = Main;
				INFOPLIST_KEY_UISupportedInterfaceOrientations_iPad = "UIInterfaceOrientationPortrait UIInterfaceOrientationPortraitUpsideDown UIInterfaceOrientationLandscapeLeft UIInterfaceOrientationLandscapeRight";
				INFOPLIST_KEY_UISupportedInterfaceOrientations_iPhone = "UIInterfaceOrientationPortrait UIInterfaceOrientationLandscapeLeft UIInterfaceOrientationLandscapeRight";
				LD_RUNPATH_SEARCH_PATHS = (
					"$(inherited)",
					"@executable_path/Frameworks",
				);
				MARKETING_VERSION = 1.0;
				PRODUCT_BUNDLE_IDENTIFIER = lyc7485.ituneAPIPractice;
				PRODUCT_NAME = "$(TARGET_NAME)";
				SWIFT_EMIT_LOC_STRINGS = YES;
				SWIFT_VERSION = 5.0;
				TARGETED_DEVICE_FAMILY = "1,2";
			};
			name = Release;
		};
		53B7A96C290913A800EBFBBF /* Debug */ = {
			isa = XCBuildConfiguration;
			buildSettings = {
				ALWAYS_EMBED_SWIFT_STANDARD_LIBRARIES = YES;
				BUNDLE_LOADER = "$(TEST_HOST)";
				CODE_SIGN_STYLE = Automatic;
				CURRENT_PROJECT_VERSION = 1;
				DEVELOPMENT_TEAM = K933FH7LZN;
				GENERATE_INFOPLIST_FILE = YES;
				IPHONEOS_DEPLOYMENT_TARGET = 16.0;
				MARKETING_VERSION = 1.0;
				PRODUCT_BUNDLE_IDENTIFIER = lyc7485.ituneAPIPracticeTests;
				PRODUCT_NAME = "$(TARGET_NAME)";
				SWIFT_EMIT_LOC_STRINGS = NO;
				SWIFT_VERSION = 5.0;
				TARGETED_DEVICE_FAMILY = "1,2";
				TEST_HOST = "$(BUILT_PRODUCTS_DIR)/ituneAPIPractice.app/$(BUNDLE_EXECUTABLE_FOLDER_PATH)/ituneAPIPractice";
			};
			name = Debug;
		};
		53B7A96D290913A800EBFBBF /* Release */ = {
			isa = XCBuildConfiguration;
			buildSettings = {
				ALWAYS_EMBED_SWIFT_STANDARD_LIBRARIES = YES;
				BUNDLE_LOADER = "$(TEST_HOST)";
				CODE_SIGN_STYLE = Automatic;
				CURRENT_PROJECT_VERSION = 1;
				DEVELOPMENT_TEAM = K933FH7LZN;
				GENERATE_INFOPLIST_FILE = YES;
				IPHONEOS_DEPLOYMENT_TARGET = 16.0;
				MARKETING_VERSION = 1.0;
				PRODUCT_BUNDLE_IDENTIFIER = lyc7485.ituneAPIPracticeTests;
				PRODUCT_NAME = "$(TARGET_NAME)";
				SWIFT_EMIT_LOC_STRINGS = NO;
				SWIFT_VERSION = 5.0;
				TARGETED_DEVICE_FAMILY = "1,2";
				TEST_HOST = "$(BUILT_PRODUCTS_DIR)/ituneAPIPractice.app/$(BUNDLE_EXECUTABLE_FOLDER_PATH)/ituneAPIPractice";
			};
			name = Release;
		};
		53B7A96F290913A800EBFBBF /* Debug */ = {
			isa = XCBuildConfiguration;
			buildSettings = {
				ALWAYS_EMBED_SWIFT_STANDARD_LIBRARIES = YES;
				CODE_SIGN_STYLE = Automatic;
				CURRENT_PROJECT_VERSION = 1;
				DEVELOPMENT_TEAM = K933FH7LZN;
				GENERATE_INFOPLIST_FILE = YES;
				MARKETING_VERSION = 1.0;
				PRODUCT_BUNDLE_IDENTIFIER = lyc7485.ituneAPIPracticeUITests;
				PRODUCT_NAME = "$(TARGET_NAME)";
				SWIFT_EMIT_LOC_STRINGS = NO;
				SWIFT_VERSION = 5.0;
				TARGETED_DEVICE_FAMILY = "1,2";
				TEST_TARGET_NAME = ituneAPIPractice;
			};
			name = Debug;
		};
		53B7A970290913A800EBFBBF /* Release */ = {
			isa = XCBuildConfiguration;
			buildSettings = {
				ALWAYS_EMBED_SWIFT_STANDARD_LIBRARIES = YES;
				CODE_SIGN_STYLE = Automatic;
				CURRENT_PROJECT_VERSION = 1;
				DEVELOPMENT_TEAM = K933FH7LZN;
				GENERATE_INFOPLIST_FILE = YES;
				MARKETING_VERSION = 1.0;
				PRODUCT_BUNDLE_IDENTIFIER = lyc7485.ituneAPIPracticeUITests;
				PRODUCT_NAME = "$(TARGET_NAME)";
				SWIFT_EMIT_LOC_STRINGS = NO;
				SWIFT_VERSION = 5.0;
				TARGETED_DEVICE_FAMILY = "1,2";
				TEST_TARGET_NAME = ituneAPIPractice;
			};
			name = Release;
		};
/* End XCBuildConfiguration section */

/* Begin XCConfigurationList section */
		53B7A936290913A600EBFBBF /* Build configuration list for PBXProject "ituneAPIPractice" */ = {
			isa = XCConfigurationList;
			buildConfigurations = (
				53B7A966290913A800EBFBBF /* Debug */,
				53B7A967290913A800EBFBBF /* Release */,
			);
			defaultConfigurationIsVisible = 0;
			defaultConfigurationName = Release;
		};
		53B7A968290913A800EBFBBF /* Build configuration list for PBXNativeTarget "ituneAPIPractice" */ = {
			isa = XCConfigurationList;
			buildConfigurations = (
				53B7A969290913A800EBFBBF /* Debug */,
				53B7A96A290913A800EBFBBF /* Release */,
			);
			defaultConfigurationIsVisible = 0;
			defaultConfigurationName = Release;
		};
		53B7A96B290913A800EBFBBF /* Build configuration list for PBXNativeTarget "ituneAPIPracticeTests" */ = {
			isa = XCConfigurationList;
			buildConfigurations = (
				53B7A96C290913A800EBFBBF /* Debug */,
				53B7A96D290913A800EBFBBF /* Release */,
			);
			defaultConfigurationIsVisible = 0;
			defaultConfigurationName = Release;
		};
		53B7A96E290913A800EBFBBF /* Build configuration list for PBXNativeTarget "ituneAPIPracticeUITests" */ = {
			isa = XCConfigurationList;
			buildConfigurations = (
				53B7A96F290913A800EBFBBF /* Debug */,
				53B7A970290913A800EBFBBF /* Release */,
			);
			defaultConfigurationIsVisible = 0;
			defaultConfigurationName = Release;
		};
/* End XCConfigurationList section */

/* Begin XCVersionGroup section */
		53B7A947290913A600EBFBBF /* ituneAPIPractice.xcdatamodeld */ = {
			isa = XCVersionGroup;
			children = (
				53B7A948290913A600EBFBBF /* ituneAPIPractice.xcdatamodel */,
			);
			currentVersion = 53B7A948290913A600EBFBBF /* ituneAPIPractice.xcdatamodel */;
			path = ituneAPIPractice.xcdatamodeld;
			sourceTree = "<group>";
			versionGroupType = wrapper.xcdatamodel;
		};
/* End XCVersionGroup section */
	};
	rootObject = 53B7A933290913A600EBFBBF /* Project object */;
}
